
Microsoft Visual Studio Solution File, Format Version 12.00
# Visual Studio Version 17
VisualStudioVersion = 17.3.32901.215
MinimumVisualStudioVersion = 10.0.40219.1
Project("{FAE04EC0-301F-11D3-BF4B-00C04F79EFBC}") = "веселье", "веселье\веселье.csproj", "{2F598A87-AED8-4473-BEE6-5613FEB0C309}"
EndProject
Global
	GlobalSection(SolutionConfigurationPlatforms) = preSolution
		Debug|Any CPU = Debug|Any CPU
		Release|Any CPU = Release|Any CPU
	EndGlobalSection
	GlobalSection(ProjectConfigurationPlatforms) = postSolution
		{2F598A87-AED8-4473-BEE6-5613FEB0C309}.Debug|Any CPU.ActiveCfg = Debug|Any CPU
		{2F598A87-AED8-4473-BEE6-5613FEB0C309}.Debug|Any CPU.Build.0 = Debug|Any CPU
		{2F598A87-AED8-4473-BEE6-5613FEB0C309}.Release|Any CPU.ActiveCfg = Release|Any CPU
		{2F598A87-AED8-4473-BEE6-5613FEB0C309}.Release|Any CPU.Build.0 = Release|Any CPU
	EndGlobalSection
	GlobalSection(SolutionProperties) = preSolution
		HideSolutionNode = FALSE
	EndGlobalSection
	GlobalSection(ExtensibilityGlobals) = postSolution
		SolutionGuid = {028F2E4B-B7D7-4892-927D-DBD123CC0772}
	EndGlobalSection
EndGlobal
